
Microsoft Visual Studio Solution File, Format Version 12.00
# Visual Studio Version 17
VisualStudioVersion = 17.9.34723.18
MinimumVisualStudioVersion = 10.0.40219.1
Project("{FAE04EC0-301F-11D3-BF4B-00C04F79EFBC}") = "MVC_Leavemangment", "MVC_Leavemangment.csproj", "{6F64C636-A416-4B65-973B-B8059BC85EB3}"
EndProject
Global
	GlobalSection(SolutionConfigurationPlatforms) = preSolution
		Debug|Any CPU = Debug|Any CPU
		Release|Any CPU = Release|Any CPU
	EndGlobalSection
	GlobalSection(ProjectConfigurationPlatforms) = postSolution
		{6F64C636-A416-4B65-973B-B8059BC85EB3}.Debug|Any CPU.ActiveCfg = Debug|Any CPU
		{6F64C636-A416-4B65-973B-B8059BC85EB3}.Debug|Any CPU.Build.0 = Debug|Any CPU
		{6F64C636-A416-4B65-973B-B8059BC85EB3}.Release|Any CPU.ActiveCfg = Release|Any CPU
		{6F64C636-A416-4B65-973B-B8059BC85EB3}.Release|Any CPU.Build.0 = Release|Any CPU
	EndGlobalSection
	GlobalSection(SolutionProperties) = preSolution
		HideSolutionNode = FALSE
	EndGlobalSection
	GlobalSection(ExtensibilityGlobals) = postSolution
		SolutionGuid = {1D6BF639-534A-4D4F-A30F-77B069463648}
	EndGlobalSection
EndGlobal
